
Microsoft Visual Studio Solution File, Format Version 12.00
# Visual Studio Version 17
VisualStudioVersion = 17.12.35707.178
MinimumVisualStudioVersion = 10.0.40219.1
Project("{FAE04EC0-301F-11D3-BF4B-00C04F79EFBC}") = "QuanLyCongViecAPI", "QuanLyCongViecAPI\QuanLyCongViecAPI.csproj", "{A064ED09-9C45-4682-BB15-5C77C55CF063}"
EndProject
Project("{FAE04EC0-301F-11D3-BF4B-00C04F79EFBC}") = "Frontend", "Frontend\Frontend.csproj", "{9164CE8B-6235-47D5-AC5A-1A8A8DF988D6}"
EndProject
Global
	GlobalSection(SolutionConfigurationPlatforms) = preSolution
		Debug|Any CPU = Debug|Any CPU
		Release|Any CPU = Release|Any CPU
	EndGlobalSection
	GlobalSection(ProjectConfigurationPlatforms) = postSolution
		{A064ED09-9C45-4682-BB15-5C77C55CF063}.Debug|Any CPU.ActiveCfg = Debug|Any CPU
		{A064ED09-9C45-4682-BB15-5C77C55CF063}.Debug|Any CPU.Build.0 = Debug|Any CPU
		{A064ED09-9C45-4682-BB15-5C77C55CF063}.Release|Any CPU.ActiveCfg = Release|Any CPU
		{A064ED09-9C45-4682-BB15-5C77C55CF063}.Release|Any CPU.Build.0 = Release|Any CPU
		{9164CE8B-6235-47D5-AC5A-1A8A8DF988D6}.Debug|Any CPU.ActiveCfg = Debug|Any CPU
		{9164CE8B-6235-47D5-AC5A-1A8A8DF988D6}.Debug|Any CPU.Build.0 = Debug|Any CPU
		{9164CE8B-6235-47D5-AC5A-1A8A8DF988D6}.Release|Any CPU.ActiveCfg = Release|Any CPU
		{9164CE8B-6235-47D5-AC5A-1A8A8DF988D6}.Release|Any CPU.Build.0 = Release|Any CPU
	EndGlobalSection
	GlobalSection(SolutionProperties) = preSolution
		HideSolutionNode = FALSE
	EndGlobalSection
EndGlobal
